
Microsoft Visual Studio Solution File, Format Version 12.00
# Visual Studio Version 16
VisualStudioVersion = 16.0.30204.135
MinimumVisualStudioVersion = 10.0.40219.1
Project("{FAE04EC0-301F-11D3-BF4B-00C04F79EFBC}") = "Web", "Web\Web.csproj", "{571A7BDB-4463-4643-B6EB-0AF49C358BD3}"
EndProject
Project("{FAE04EC0-301F-11D3-BF4B-00C04F79EFBC}") = "CoreBusiness", "CoreBusiness\CoreBusiness.csproj", "{52BB7CFE-9A4E-4E16-9B12-E47AB995A418}"
EndProject
Project("{FAE04EC0-301F-11D3-BF4B-00C04F79EFBC}") = "Across", "Across\Across.csproj", "{19E88A3A-A499-4201-9C92-3C3FA426A5FA}"
EndProject
Project("{FAE04EC0-301F-11D3-BF4B-00C04F79EFBC}") = "Models", "Models\Models.csproj", "{50AEEF56-04C6-44A6-A5A8-6638CF485704}"
EndProject
Project("{FAE04EC0-301F-11D3-BF4B-00C04F79EFBC}") = "DataAccess", "DataAccess\DataAccess.csproj", "{10A280CB-80E3-4211-8C0B-12585F642BE1}"
EndProject
Global
	GlobalSection(SolutionConfigurationPlatforms) = preSolution
		Debug|Any CPU = Debug|Any CPU
		Release|Any CPU = Release|Any CPU
	EndGlobalSection
	GlobalSection(ProjectConfigurationPlatforms) = postSolution
		{571A7BDB-4463-4643-B6EB-0AF49C358BD3}.Debug|Any CPU.ActiveCfg = Debug|Any CPU
		{571A7BDB-4463-4643-B6EB-0AF49C358BD3}.Debug|Any CPU.Build.0 = Debug|Any CPU
		{571A7BDB-4463-4643-B6EB-0AF49C358BD3}.Release|Any CPU.ActiveCfg = Release|Any CPU
		{571A7BDB-4463-4643-B6EB-0AF49C358BD3}.Release|Any CPU.Build.0 = Release|Any CPU
		{52BB7CFE-9A4E-4E16-9B12-E47AB995A418}.Debug|Any CPU.ActiveCfg = Debug|Any CPU
		{52BB7CFE-9A4E-4E16-9B12-E47AB995A418}.Debug|Any CPU.Build.0 = Debug|Any CPU
		{52BB7CFE-9A4E-4E16-9B12-E47AB995A418}.Release|Any CPU.ActiveCfg = Release|Any CPU
		{52BB7CFE-9A4E-4E16-9B12-E47AB995A418}.Release|Any CPU.Build.0 = Release|Any CPU
		{19E88A3A-A499-4201-9C92-3C3FA426A5FA}.Debug|Any CPU.ActiveCfg = Debug|Any CPU
		{19E88A3A-A499-4201-9C92-3C3FA426A5FA}.Debug|Any CPU.Build.0 = Debug|Any CPU
		{19E88A3A-A499-4201-9C92-3C3FA426A5FA}.Release|Any CPU.ActiveCfg = Release|Any CPU
		{19E88A3A-A499-4201-9C92-3C3FA426A5FA}.Release|Any CPU.Build.0 = Release|Any CPU
		{50AEEF56-04C6-44A6-A5A8-6638CF485704}.Debug|Any CPU.ActiveCfg = Debug|Any CPU
		{50AEEF56-04C6-44A6-A5A8-6638CF485704}.Debug|Any CPU.Build.0 = Debug|Any CPU
		{50AEEF56-04C6-44A6-A5A8-6638CF485704}.Release|Any CPU.ActiveCfg = Release|Any CPU
		{50AEEF56-04C6-44A6-A5A8-6638CF485704}.Release|Any CPU.Build.0 = Release|Any CPU
		{10A280CB-80E3-4211-8C0B-12585F642BE1}.Debug|Any CPU.ActiveCfg = Debug|Any CPU
		{10A280CB-80E3-4211-8C0B-12585F642BE1}.Debug|Any CPU.Build.0 = Debug|Any CPU
		{10A280CB-80E3-4211-8C0B-12585F642BE1}.Release|Any CPU.ActiveCfg = Release|Any CPU
		{10A280CB-80E3-4211-8C0B-12585F642BE1}.Release|Any CPU.Build.0 = Release|Any CPU
	EndGlobalSection
	GlobalSection(SolutionProperties) = preSolution
		HideSolutionNode = FALSE
	EndGlobalSection
	GlobalSection(ExtensibilityGlobals) = postSolution
		SolutionGuid = {21FD0C04-680F-4B4B-8755-46D104DA2388}
	EndGlobalSection
EndGlobal
