{
  "requires": true,
  "lockfileVersion": 1,
  "dependencies": {
    "select2-theme-bootstrap4": {
      "version": "1.0.1",
      "resolved": "https://registry.npmjs.org/select2-theme-bootstrap4/-/select2-theme-bootstrap4-1.0.1.tgz",
      "integrity": "sha512-gn9zN+ZppzsjRCQzHMfhDyizcCNlzbsB059qAXjyEaFYx7OA3677LYEIbYiGmliuF6y9Dbuae8X8Rk/Z4SBleQ=="
    }
  }
}
